// !$*UTF8*$!
{
	archiveVersion = 1;
	classes = {
	};
	objectVersion = 56;
	objects = {

/* Begin PBXBuildFile section */
		3A448E002BC3E2DC001E7731 /* InfoViewController.swift in Sources */ = {isa = PBXBuildFile; fileRef = 3A448DFF2BC3E2DC001E7731 /* InfoViewController.swift */; };
		3A448E022BC3E40A001E7731 /* SearchViewController.swift in Sources */ = {isa = PBXBuildFile; fileRef = 3A448E012BC3E40A001E7731 /* SearchViewController.swift */; };
		3A448E042BC3E484001E7731 /* CameraViewController.swift in Sources */ = {isa = PBXBuildFile; fileRef = 3A448E032BC3E484001E7731 /* CameraViewController.swift */; };
		3A4934D02C257C8800D2F5AC /* ChatViewController.swift in Sources */ = {isa = PBXBuildFile; fileRef = 3A4934CF2C257C8800D2F5AC /* ChatViewController.swift */; };
		3A5A19342BF5DCD400A57037 /* InitialViewController.swift in Sources */ = {isa = PBXBuildFile; fileRef = 3A5A19332BF5DCD400A57037 /* InitialViewController.swift */; };
		3A5A193E2BF5EFB900A57037 /* libsqlite3.tbd in Frameworks */ = {isa = PBXBuildFile; fileRef = 3A5A193D2BF5EFB900A57037 /* libsqlite3.tbd */; };
		3A5A194D2BF5F02600A57037 /* FMDatabase.m in Sources */ = {isa = PBXBuildFile; fileRef = 3A5A19402BF5F02600A57037 /* FMDatabase.m */; };
		3A5A194E2BF5F02600A57037 /* FMDatabaseAdditions.m in Sources */ = {isa = PBXBuildFile; fileRef = 3A5A19422BF5F02600A57037 /* FMDatabaseAdditions.m */; };
		3A5A194F2BF5F02600A57037 /* FMDatabasePool.m in Sources */ = {isa = PBXBuildFile; fileRef = 3A5A19442BF5F02600A57037 /* FMDatabasePool.m */; };
		3A5A19502BF5F02600A57037 /* FMDatabaseQueue.m in Sources */ = {isa = PBXBuildFile; fileRef = 3A5A19462BF5F02600A57037 /* FMDatabaseQueue.m */; };
		3A5A19512BF5F02600A57037 /* FMResultSet.m in Sources */ = {isa = PBXBuildFile; fileRef = 3A5A19492BF5F02600A57037 /* FMResultSet.m */; };
		3A5A195A2BF5F1B200A57037 /* BeaconInfo.db in Resources */ = {isa = PBXBuildFile; fileRef = 3A5A19552BF5F1B200A57037 /* BeaconInfo.db */; };
		3A5A195B2BF5F1B200A57037 /* MMCA001.png in Resources */ = {isa = PBXBuildFile; fileRef = 3A5A19562BF5F1B200A57037 /* MMCA001.png */; };
		3A5A195C2BF5F1B200A57037 /* MMCA002.png in Resources */ = {isa = PBXBuildFile; fileRef = 3A5A19572BF5F1B200A57037 /* MMCA002.png */; };
		3A5A195D2BF5F1B200A57037 /* MMCA003.png in Resources */ = {isa = PBXBuildFile; fileRef = 3A5A19582BF5F1B200A57037 /* MMCA003.png */; };
		3A64C2C82BC3D9F000CD31B4 /* AppDelegate.swift in Sources */ = {isa = PBXBuildFile; fileRef = 3A64C2C72BC3D9F000CD31B4 /* AppDelegate.swift */; };
		3A64C2CA2BC3D9F000CD31B4 /* SceneDelegate.swift in Sources */ = {isa = PBXBuildFile; fileRef = 3A64C2C92BC3D9F000CD31B4 /* SceneDelegate.swift */; };
		3A64C2CF2BC3D9F000CD31B4 /* Base in Resources */ = {isa = PBXBuildFile; fileRef = 3A64C2CE2BC3D9F000CD31B4 /* Base */; };
		3A64C2D12BC3D9F000CD31B4 /* Assets.xcassets in Resources */ = {isa = PBXBuildFile; fileRef = 3A64C2D02BC3D9F000CD31B4 /* Assets.xcassets */; };
		3A64C2D42BC3D9F000CD31B4 /* Base in Resources */ = {isa = PBXBuildFile; fileRef = 3A64C2D32BC3D9F000CD31B4 /* Base */; };
		3A9D65E82C12EA33000F1995 /* ImageClassifier.mlmodel in Sources */ = {isa = PBXBuildFile; fileRef = 3A9D65E72C12EA33000F1995 /* ImageClassifier.mlmodel */; };
		3AA8DCC52BC3E82E00A1B8CB /* HomeViewController.swift in Sources */ = {isa = PBXBuildFile; fileRef = 3AA8DCC42BC3E82E00A1B8CB /* HomeViewController.swift */; };
		3AEFA4682C1C042C00AAA6F3 /* DetailViewController.swift in Sources */ = {isa = PBXBuildFile; fileRef = 3AEFA4672C1C042C00AAA6F3 /* DetailViewController.swift */; };
/* End PBXBuildFile section */

/* Begin PBXFileReference section */
		3A448DFF2BC3E2DC001E7731 /* InfoViewController.swift */ = {isa = PBXFileReference; lastKnownFileType = sourcecode.swift; path = InfoViewController.swift; sourceTree = "<group>"; };
		3A448E012BC3E40A001E7731 /* SearchViewController.swift */ = {isa = PBXFileReference; lastKnownFileType = sourcecode.swift; path = SearchViewController.swift; sourceTree = "<group>"; };
		3A448E032BC3E484001E7731 /* CameraViewController.swift */ = {isa = PBXFileReference; lastKnownFileType = sourcecode.swift; path = CameraViewController.swift; sourceTree = "<group>"; };
		3A4934CF2C257C8800D2F5AC /* ChatViewController.swift */ = {isa = PBXFileReference; lastKnownFileType = sourcecode.swift; path = ChatViewController.swift; sourceTree = "<group>"; };
		3A5A19332BF5DCD400A57037 /* InitialViewController.swift */ = {isa = PBXFileReference; lastKnownFileType = sourcecode.swift; path = InitialViewController.swift; sourceTree = "<group>"; };
		3A5A193D2BF5EFB900A57037 /* libsqlite3.tbd */ = {isa = PBXFileReference; lastKnownFileType = "sourcecode.text-based-dylib-definition"; name = libsqlite3.tbd; path = usr/lib/libsqlite3.tbd; sourceTree = SDKROOT; };
		3A5A193F2BF5F02600A57037 /* FMDatabase.h */ = {isa = PBXFileReference; fileEncoding = 4; lastKnownFileType = sourcecode.c.h; path = FMDatabase.h; sourceTree = "<group>"; };
		3A5A19402BF5F02600A57037 /* FMDatabase.m */ = {isa = PBXFileReference; fileEncoding = 4; lastKnownFileType = sourcecode.c.objc; path = FMDatabase.m; sourceTree = "<group>"; };
		3A5A19412BF5F02600A57037 /* FMDatabaseAdditions.h */ = {isa = PBXFileReference; fileEncoding = 4; lastKnownFileType = sourcecode.c.h; path = FMDatabaseAdditions.h; sourceTree = "<group>"; };
		3A5A19422BF5F02600A57037 /* FMDatabaseAdditions.m */ = {isa = PBXFileReference; fileEncoding = 4; lastKnownFileType = sourcecode.c.objc; path = FMDatabaseAdditions.m; sourceTree = "<group>"; };
		3A5A19432BF5F02600A57037 /* FMDatabasePool.h */ = {isa = PBXFileReference; fileEncoding = 4; lastKnownFileType = sourcecode.c.h; path = FMDatabasePool.h; sourceTree = "<group>"; };
		3A5A19442BF5F02600A57037 /* FMDatabasePool.m */ = {isa = PBXFileReference; fileEncoding = 4; lastKnownFileType = sourcecode.c.objc; path = FMDatabasePool.m; sourceTree = "<group>"; };
		3A5A19452BF5F02600A57037 /* FMDatabaseQueue.h */ = {isa = PBXFileReference; fileEncoding = 4; lastKnownFileType = sourcecode.c.h; path = FMDatabaseQueue.h; sourceTree = "<group>"; };
		3A5A19462BF5F02600A57037 /* FMDatabaseQueue.m */ = {isa = PBXFileReference; fileEncoding = 4; lastKnownFileType = sourcecode.c.objc; path = FMDatabaseQueue.m; sourceTree = "<group>"; };
		3A5A19472BF5F02600A57037 /* FMDB.h */ = {isa = PBXFileReference; fileEncoding = 4; lastKnownFileType = sourcecode.c.h; path = FMDB.h; sourceTree = "<group>"; };
		3A5A19482BF5F02600A57037 /* FMResultSet.h */ = {isa = PBXFileReference; fileEncoding = 4; lastKnownFileType = sourcecode.c.h; path = FMResultSet.h; sourceTree = "<group>"; };
		3A5A19492BF5F02600A57037 /* FMResultSet.m */ = {isa = PBXFileReference; fileEncoding = 4; lastKnownFileType = sourcecode.c.objc; path = FMResultSet.m; sourceTree = "<group>"; };
		3A5A19542BF5F08600A57037 /* BridgingHeader.h */ = {isa = PBXFileReference; lastKnownFileType = sourcecode.c.h; path = BridgingHeader.h; sourceTree = "<group>"; };
		3A5A19552BF5F1B200A57037 /* BeaconInfo.db */ = {isa = PBXFileReference; lastKnownFileType = file; path = BeaconInfo.db; sourceTree = "<group>"; };
		3A5A19562BF5F1B200A57037 /* MMCA001.png */ = {isa = PBXFileReference; lastKnownFileType = image.png; path = MMCA001.png; sourceTree = "<group>"; };
		3A5A19572BF5F1B200A57037 /* MMCA002.png */ = {isa = PBXFileReference; lastKnownFileType = image.png; path = MMCA002.png; sourceTree = "<group>"; };
		3A5A19582BF5F1B200A57037 /* MMCA003.png */ = {isa = PBXFileReference; lastKnownFileType = image.png; path = MMCA003.png; sourceTree = "<group>"; };
		3A64C2C42BC3D9F000CD31B4 /* MmcaVer2.0.app */ = {isa = PBXFileReference; explicitFileType = wrapper.application; includeInIndex = 0; path = MmcaVer2.0.app; sourceTree = BUILT_PRODUCTS_DIR; };
		3A64C2C72BC3D9F000CD31B4 /* AppDelegate.swift */ = {isa = PBXFileReference; lastKnownFileType = sourcecode.swift; path = AppDelegate.swift; sourceTree = "<group>"; };
		3A64C2C92BC3D9F000CD31B4 /* SceneDelegate.swift */ = {isa = PBXFileReference; lastKnownFileType = sourcecode.swift; path = SceneDelegate.swift; sourceTree = "<group>"; };
		3A64C2CE2BC3D9F000CD31B4 /* Base */ = {isa = PBXFileReference; lastKnownFileType = file.storyboard; name = Base; path = Base.lproj/Main.storyboard; sourceTree = "<group>"; };
		3A64C2D02BC3D9F000CD31B4 /* Assets.xcassets */ = {isa = PBXFileReference; lastKnownFileType = folder.assetcatalog; path = Assets.xcassets; sourceTree = "<group>"; };
		3A64C2D32BC3D9F000CD31B4 /* Base */ = {isa = PBXFileReference; lastKnownFileType = file.storyboard; name = Base; path = Base.lproj/LaunchScreen.storyboard; sourceTree = "<group>"; };
		3A64C2D52BC3D9F000CD31B4 /* Info.plist */ = {isa = PBXFileReference; lastKnownFileType = text.plist.xml; path = Info.plist; sourceTree = "<group>"; };
		3A9D65E72C12EA33000F1995 /* ImageClassifier.mlmodel */ = {isa = PBXFileReference; lastKnownFileType = file.mlmodel; path = ImageClassifier.mlmodel; sourceTree = "<group>"; };
		3AA8DCC42BC3E82E00A1B8CB /* HomeViewController.swift */ = {isa = PBXFileReference; lastKnownFileType = sourcecode.swift; path = HomeViewController.swift; sourceTree = "<group>"; };
		3AEFA4672C1C042C00AAA6F3 /* DetailViewController.swift */ = {isa = PBXFileReference; lastKnownFileType = sourcecode.swift; path = DetailViewController.swift; sourceTree = "<group>"; };
/* End PBXFileReference section */

/* Begin PBXFrameworksBuildPhase section */
		3A64C2C12BC3D9F000CD31B4 /* Frameworks */ = {
			isa = PBXFrameworksBuildPhase;
			buildActionMask = 2147483647;
			files = (
				3A5A193E2BF5EFB900A57037 /* libsqlite3.tbd in Frameworks */,
			);
			runOnlyForDeploymentPostprocessing = 0;
		};
/* End PBXFrameworksBuildPhase section */

/* Begin PBXGroup section */
		3A5A193C2BF5EFB900A57037 /* Frameworks */ = {
			isa = PBXGroup;
			children = (
				3A5A193D2BF5EFB900A57037 /* libsqlite3.tbd */,
			);
			name = Frameworks;
			sourceTree = "<group>";
		};
		3A5A194C2BF5F02600A57037 /* fmdb */ = {
			isa = PBXGroup;
			children = (
				3A5A193F2BF5F02600A57037 /* FMDatabase.h */,
				3A5A19402BF5F02600A57037 /* FMDatabase.m */,
				3A5A19412BF5F02600A57037 /* FMDatabaseAdditions.h */,
				3A5A19422BF5F02600A57037 /* FMDatabaseAdditions.m */,
				3A5A19432BF5F02600A57037 /* FMDatabasePool.h */,
				3A5A19442BF5F02600A57037 /* FMDatabasePool.m */,
				3A5A19452BF5F02600A57037 /* FMDatabaseQueue.h */,
				3A5A19462BF5F02600A57037 /* FMDatabaseQueue.m */,
				3A5A19472BF5F02600A57037 /* FMDB.h */,
				3A5A19482BF5F02600A57037 /* FMResultSet.h */,
				3A5A19492BF5F02600A57037 /* FMResultSet.m */,
				3A5A19542BF5F08600A57037 /* BridgingHeader.h */,
			);
			path = fmdb;
			sourceTree = "<group>";
		};
		3A5A19592BF5F1B200A57037 /* BeaconDataBase */ = {
			isa = PBXGroup;
			children = (
				3A5A19552BF5F1B200A57037 /* BeaconInfo.db */,
				3A5A19562BF5F1B200A57037 /* MMCA001.png */,
				3A5A19572BF5F1B200A57037 /* MMCA002.png */,
				3A5A19582BF5F1B200A57037 /* MMCA003.png */,
			);
			path = BeaconDataBase;
			sourceTree = "<group>";
		};
		3A64C2BB2BC3D9F000CD31B4 = {
			isa = PBXGroup;
			children = (
				3A64C2C62BC3D9F000CD31B4 /* MmcaVer2.0 */,
				3A64C2C52BC3D9F000CD31B4 /* Products */,
				3A5A193C2BF5EFB900A57037 /* Frameworks */,
				3A5A194C2BF5F02600A57037 /* fmdb */,
				3A5A19592BF5F1B200A57037 /* BeaconDataBase */,
			);
			sourceTree = "<group>";
		};
		3A64C2C52BC3D9F000CD31B4 /* Products */ = {
			isa = PBXGroup;
			children = (
				3A64C2C42BC3D9F000CD31B4 /* MmcaVer2.0.app */,
			);
			name = Products;
			sourceTree = "<group>";
		};
		3A64C2C62BC3D9F000CD31B4 /* MmcaVer2.0 */ = {
			isa = PBXGroup;
			children = (
				3A64C2C72BC3D9F000CD31B4 /* AppDelegate.swift */,
				3A64C2C92BC3D9F000CD31B4 /* SceneDelegate.swift */,
				3A702FF52BCCE5B3000D382D /* InitialViewController */,
				3AA8DCC62BC3E83800A1B8CB /* BoxTableViewController */,
				3A64C2CD2BC3D9F000CD31B4 /* Main.storyboard */,
				3A64C2D02BC3D9F000CD31B4 /* Assets.xcassets */,
				3A9D65E72C12EA33000F1995 /* ImageClassifier.mlmodel */,
				3A64C2D22BC3D9F000CD31B4 /* LaunchScreen.storyboard */,
				3A64C2D52BC3D9F000CD31B4 /* Info.plist */,
			);
			path = MmcaVer2.0;
			sourceTree = "<group>";
		};
		3A702FF52BCCE5B3000D382D /* InitialViewController */ = {
			isa = PBXGroup;
			children = (
				3A5A19332BF5DCD400A57037 /* InitialViewController.swift */,
			);
			path = InitialViewController;
			sourceTree = "<group>";
		};
		3AA8DCC62BC3E83800A1B8CB /* BoxTableViewController */ = {
			isa = PBXGroup;
			children = (
				3AA8DCC42BC3E82E00A1B8CB /* HomeViewController.swift */,
				3A448DFF2BC3E2DC001E7731 /* InfoViewController.swift */,
				3A448E012BC3E40A001E7731 /* SearchViewController.swift */,
				3A448E032BC3E484001E7731 /* CameraViewController.swift */,
				3AEFA4672C1C042C00AAA6F3 /* DetailViewController.swift */,
				3A4934CF2C257C8800D2F5AC /* ChatViewController.swift */,
			);
			path = BoxTableViewController;
			sourceTree = "<group>";
		};
/* End PBXGroup section */

/* Begin PBXNativeTarget section */
		3A64C2C32BC3D9F000CD31B4 /* MmcaVer2.0 */ = {
			isa = PBXNativeTarget;
			buildConfigurationList = 3A64C2D82BC3D9F000CD31B4 /* Build configuration list for PBXNativeTarget "MmcaVer2.0" */;
			buildPhases = (
				3A64C2C02BC3D9F000CD31B4 /* Sources */,
				3A64C2C12BC3D9F000CD31B4 /* Frameworks */,
				3A64C2C22BC3D9F000CD31B4 /* Resources */,
			);
			buildRules = (
			);
			dependencies = (
			);
			name = MmcaVer2.0;
			productName = MmcaVer2.0;
			productReference = 3A64C2C42BC3D9F000CD31B4 /* MmcaVer2.0.app */;
			productType = "com.apple.product-type.application";
		};
/* End PBXNativeTarget section */

/* Begin PBXProject section */
		3A64C2BC2BC3D9F000CD31B4 /* Project object */ = {
			isa = PBXProject;
			attributes = {
				BuildIndependentTargetsInParallel = 1;
				LastSwiftUpdateCheck = 1530;
				LastUpgradeCheck = 1530;
				TargetAttributes = {
					3A64C2C32BC3D9F000CD31B4 = {
						CreatedOnToolsVersion = 15.3;
					};
				};
			};
			buildConfigurationList = 3A64C2BF2BC3D9F000CD31B4 /* Build configuration list for PBXProject "MmcaVer2.0" */;
			compatibilityVersion = "Xcode 14.0";
			developmentRegion = en;
			hasScannedForEncodings = 0;
			knownRegions = (
				en,
				Base,
			);
			mainGroup = 3A64C2BB2BC3D9F000CD31B4;
			productRefGroup = 3A64C2C52BC3D9F000CD31B4 /* Products */;
			projectDirPath = "";
			projectRoot = "";
			targets = (
				3A64C2C32BC3D9F000CD31B4 /* MmcaVer2.0 */,
			);
		};
/* End PBXProject section */

/* Begin PBXResourcesBuildPhase section */
		3A64C2C22BC3D9F000CD31B4 /* Resources */ = {
			isa = PBXResourcesBuildPhase;
			buildActionMask = 2147483647;
			files = (
				3A5A195C2BF5F1B200A57037 /* MMCA002.png in Resources */,
				3A5A195B2BF5F1B200A57037 /* MMCA001.png in Resources */,
				3A64C2D12BC3D9F000CD31B4 /* Assets.xcassets in Resources */,
				3A5A195A2BF5F1B200A57037 /* BeaconInfo.db in Resources */,
				3A64C2D42BC3D9F000CD31B4 /* Base in Resources */,
				3A64C2CF2BC3D9F000CD31B4 /* Base in Resources */,
				3A5A195D2BF5F1B200A57037 /* MMCA003.png in Resources */,
			);
			runOnlyForDeploymentPostprocessing = 0;
		};
/* End PBXResourcesBuildPhase section */

/* Begin PBXSourcesBuildPhase section */
		3A64C2C02BC3D9F000CD31B4 /* Sources */ = {
			isa = PBXSourcesBuildPhase;
			buildActionMask = 2147483647;
			files = (
				3A64C2C82BC3D9F000CD31B4 /* AppDelegate.swift in Sources */,
				3A448E042BC3E484001E7731 /* CameraViewController.swift in Sources */,
				3A448E002BC3E2DC001E7731 /* InfoViewController.swift in Sources */,
				3A448E022BC3E40A001E7731 /* SearchViewController.swift in Sources */,
				3A9D65E82C12EA33000F1995 /* ImageClassifier.mlmodel in Sources */,
				3A64C2CA2BC3D9F000CD31B4 /* SceneDelegate.swift in Sources */,
				3A5A194E2BF5F02600A57037 /* FMDatabaseAdditions.m in Sources */,
				3A5A19512BF5F02600A57037 /* FMResultSet.m in Sources */,
				3AA8DCC52BC3E82E00A1B8CB /* HomeViewController.swift in Sources */,
				3A5A194F2BF5F02600A57037 /* FMDatabasePool.m in Sources */,
				3A5A19502BF5F02600A57037 /* FMDatabaseQueue.m in Sources */,
				3A5A19342BF5DCD400A57037 /* InitialViewController.swift in Sources */,
				3A5A194D2BF5F02600A57037 /* FMDatabase.m in Sources */,
				3A4934D02C257C8800D2F5AC /* ChatViewController.swift in Sources */,
				3AEFA4682C1C042C00AAA6F3 /* DetailViewController.swift in Sources */,
			);
			runOnlyForDeploymentPostprocessing = 0;
		};
/* End PBXSourcesBuildPhase section */

/* Begin PBXVariantGroup section */
		3A64C2CD2BC3D9F000CD31B4 /* Main.storyboard */ = {
			isa = PBXVariantGroup;
			children = (
				3A64C2CE2BC3D9F000CD31B4 /* Base */,
			);
			name = Main.storyboard;
			sourceTree = "<group>";
		};
		3A64C2D22BC3D9F000CD31B4 /* LaunchScreen.storyboard */ = {
			isa = PBXVariantGroup;
			children = (
				3A64C2D32BC3D9F000CD31B4 /* Base */,
			);
			name = LaunchScreen.storyboard;
			sourceTree = "<group>";
		};
/* End PBXVariantGroup section */

/* Begin XCBuildConfiguration section */
		3A64C2D62BC3D9F000CD31B4 /* Debug */ = {
			isa = XCBuildConfiguration;
			buildSettings = {
				ALWAYS_SEARCH_USER_PATHS = NO;
				ASSETCATALOG_COMPILER_GENERATE_SWIFT_ASSET_SYMBOL_EXTENSIONS = YES;
				CLANG_ANALYZER_NONNULL = YES;
				CLANG_ANALYZER_NUMBER_OBJECT_CONVERSION = YES_AGGRESSIVE;
				CLANG_CXX_LANGUAGE_STANDARD = "gnu++20";
				CLANG_ENABLE_MODULES = YES;
				CLANG_ENABLE_OBJC_ARC = YES;
				CLANG_ENABLE_OBJC_WEAK = YES;
				CLANG_WARN_BLOCK_CAPTURE_AUTORELEASING = YES;
				CLANG_WARN_BOOL_CONVERSION = YES;
				CLANG_WARN_COMMA = YES;
				CLANG_WARN_CONSTANT_CONVERSION = YES;
				CLANG_WARN_DEPRECATED_OBJC_IMPLEMENTATIONS = YES;
				CLANG_WARN_DIRECT_OBJC_ISA_USAGE = YES_ERROR;
				CLANG_WARN_DOCUMENTATION_COMMENTS = YES;
				CLANG_WARN_EMPTY_BODY = YES;
				CLANG_WARN_ENUM_CONVERSION = YES;
				CLANG_WARN_INFINITE_RECURSION = YES;
				CLANG_WARN_INT_CONVERSION = YES;
				CLANG_WARN_NON_LITERAL_NULL_CONVERSION = YES;
				CLANG_WARN_OBJC_IMPLICIT_RETAIN_SELF = YES;
				CLANG_WARN_OBJC_LITERAL_CONVERSION = YES;
				CLANG_WARN_OBJC_ROOT_CLASS = YES_ERROR;
				CLANG_WARN_QUOTED_INCLUDE_IN_FRAMEWORK_HEADER = YES;
				CLANG_WARN_RANGE_LOOP_ANALYSIS = YES;
				CLANG_WARN_STRICT_PROTOTYPES = YES;
				CLANG_WARN_SUSPICIOUS_MOVE = YES;
				CLANG_WARN_UNGUARDED_AVAILABILITY = YES_AGGRESSIVE;
				CLANG_WARN_UNREACHABLE_CODE = YES;
				CLANG_WARN__DUPLICATE_METHOD_MATCH = YES;
				COPY_PHASE_STRIP = NO;
				DEBUG_INFORMATION_FORMAT = dwarf;
				ENABLE_STRICT_OBJC_MSGSEND = YES;
				ENABLE_TESTABILITY = YES;
				ENABLE_USER_SCRIPT_SANDBOXING = YES;
				GCC_C_LANGUAGE_STANDARD = gnu17;
				GCC_DYNAMIC_NO_PIC = NO;
				GCC_NO_COMMON_BLOCKS = YES;
				GCC_OPTIMIZATION_LEVEL = 0;
				GCC_PREPROCESSOR_DEFINITIONS = (
					"DEBUG=1",
					"$(inherited)",
				);
				GCC_WARN_64_TO_32_BIT_CONVERSION = YES;
				GCC_WARN_ABOUT_RETURN_TYPE = YES_ERROR;
				GCC_WARN_UNDECLARED_SELECTOR = YES;
				GCC_WARN_UNINITIALIZED_AUTOS = YES_AGGRESSIVE;
				GCC_WARN_UNUSED_FUNCTION = YES;
				GCC_WARN_UNUSED_VARIABLE = YES;
				IPHONEOS_DEPLOYMENT_TARGET = 17.4;
				LOCALIZATION_PREFERS_STRING_CATALOGS = YES;
				MTL_ENABLE_DEBUG_INFO = INCLUDE_SOURCE;
				MTL_FAST_MATH = YES;
				ONLY_ACTIVE_ARCH = YES;
				SDKROOT = iphoneos;
				SWIFT_ACTIVE_COMPILATION_CONDITIONS = "DEBUG $(inherited)";
				SWIFT_OPTIMIZATION_LEVEL = "-Onone";
			};
			name = Debug;
		};
		3A64C2D72BC3D9F000CD31B4 /* Release */ = {
			isa = XCBuildConfiguration;
			buildSettings = {
				ALWAYS_SEARCH_USER_PATHS = NO;
				ASSETCATALOG_COMPILER_GENERATE_SWIFT_ASSET_SYMBOL_EXTENSIONS = YES;
				CLANG_ANALYZER_NONNULL = YES;
				CLANG_ANALYZER_NUMBER_OBJECT_CONVERSION = YES_AGGRESSIVE;
				CLANG_CXX_LANGUAGE_STANDARD = "gnu++20";
				CLANG_ENABLE_MODULES = YES;
				CLANG_ENABLE_OBJC_ARC = YES;
				CLANG_ENABLE_OBJC_WEAK = YES;
				CLANG_WARN_BLOCK_CAPTURE_AUTORELEASING = YES;
				CLANG_WARN_BOOL_CONVERSION = YES;
				CLANG_WARN_COMMA = YES;
				CLANG_WARN_CONSTANT_CONVERSION = YES;
				CLANG_WARN_DEPRECATED_OBJC_IMPLEMENTATIONS = YES;
				CLANG_WARN_DIRECT_OBJC_ISA_USAGE = YES_ERROR;
				CLANG_WARN_DOCUMENTATION_COMMENTS = YES;
				CLANG_WARN_EMPTY_BODY = YES;
				CLANG_WARN_ENUM_CONVERSION = YES;
				CLANG_WARN_INFINITE_RECURSION = YES;
				CLANG_WARN_INT_CONVERSION = YES;
				CLANG_WARN_NON_LITERAL_NULL_CONVERSION = YES;
				CLANG_WARN_OBJC_IMPLICIT_RETAIN_SELF = YES;
				CLANG_WARN_OBJC_LITERAL_CONVERSION = YES;
				CLANG_WARN_OBJC_ROOT_CLASS = YES_ERROR;
				CLANG_WARN_QUOTED_INCLUDE_IN_FRAMEWORK_HEADER = YES;
				CLANG_WARN_RANGE_LOOP_ANALYSIS = YES;
				CLANG_WARN_STRICT_PROTOTYPES = YES;
				CLANG_WARN_SUSPICIOUS_MOVE = YES;
				CLANG_WARN_UNGUARDED_AVAILABILITY = YES_AGGRESSIVE;
				CLANG_WARN_UNREACHABLE_CODE = YES;
				CLANG_WARN__DUPLICATE_METHOD_MATCH = YES;
				COPY_PHASE_STRIP = NO;
				DEBUG_INFORMATION_FORMAT = "dwarf-with-dsym";
				ENABLE_NS_ASSERTIONS = NO;
				ENABLE_STRICT_OBJC_MSGSEND = YES;
				ENABLE_USER_SCRIPT_SANDBOXING = YES;
				GCC_C_LANGUAGE_STANDARD = gnu17;
				GCC_NO_COMMON_BLOCKS = YES;
				GCC_WARN_64_TO_32_BIT_CONVERSION = YES;
				GCC_WARN_ABOUT_RETURN_TYPE = YES_ERROR;
				GCC_WARN_UNDECLARED_SELECTOR = YES;
				GCC_WARN_UNINITIALIZED_AUTOS = YES_AGGRESSIVE;
				GCC_WARN_UNUSED_FUNCTION = YES;
				GCC_WARN_UNUSED_VARIABLE = YES;
				IPHONEOS_DEPLOYMENT_TARGET = 17.4;
				LOCALIZATION_PREFERS_STRING_CATALOGS = YES;
				MTL_ENABLE_DEBUG_INFO = NO;
				MTL_FAST_MATH = YES;
				SDKROOT = iphoneos;
				SWIFT_COMPILATION_MODE = wholemodule;
				VALIDATE_PRODUCT = YES;
			};
			name = Release;
		};
		3A64C2D92BC3D9F000CD31B4 /* Debug */ = {
			isa = XCBuildConfiguration;
			buildSettings = {
				ASSETCATALOG_COMPILER_APPICON_NAME = AppIcon;
				ASSETCATALOG_COMPILER_GLOBAL_ACCENT_COLOR_NAME = AccentColor;
				CODE_SIGN_STYLE = Automatic;
				CURRENT_PROJECT_VERSION = 1;
				DEVELOPMENT_TEAM = N5H2UH7C34;
				GENERATE_INFOPLIST_FILE = YES;
				INFOPLIST_FILE = MmcaVer2.0/Info.plist;
				INFOPLIST_KEY_UIApplicationSupportsIndirectInputEvents = YES;
				INFOPLIST_KEY_UILaunchStoryboardName = LaunchScreen;
				INFOPLIST_KEY_UIMainStoryboardFile = Main;
				INFOPLIST_KEY_UISupportedInterfaceOrientations_iPad = "UIInterfaceOrientationPortrait UIInterfaceOrientationPortraitUpsideDown UIInterfaceOrientationLandscapeLeft UIInterfaceOrientationLandscapeRight";
				INFOPLIST_KEY_UISupportedInterfaceOrientations_iPhone = "UIInterfaceOrientationPortrait UIInterfaceOrientationLandscapeLeft UIInterfaceOrientationLandscapeRight";
				IPHONEOS_DEPLOYMENT_TARGET = 17.1;
				LD_RUNPATH_SEARCH_PATHS = (
					"$(inherited)",
					"@executable_path/Frameworks",
				);
				MARKETING_VERSION = 2.0;
				PRODUCT_BUNDLE_IDENTIFIER = "Limjongyoon.MmcaVer2-0";
				PRODUCT_NAME = "$(TARGET_NAME)";
				SWIFT_EMIT_LOC_STRINGS = YES;
				SWIFT_OBJC_BRIDGING_HEADER = /Users/lim/Desktop/Swift/MmcaVer2/MmcaVer2.0/fmdb/BridgingHeader.h;
				SWIFT_VERSION = 5.0;
				TARGETED_DEVICE_FAMILY = "1,2";
			};
			name = Debug;
		};
		3A64C2DA2BC3D9F000CD31B4 /* Release */ = {
			isa = XCBuildConfiguration;
			buildSettings = {
				ASSETCATALOG_COMPILER_APPICON_NAME = AppIcon;
				ASSETCATALOG_COMPILER_GLOBAL_ACCENT_COLOR_NAME = AccentColor;
				CODE_SIGN_STYLE = Automatic;
				CURRENT_PROJECT_VERSION = 1;
				DEVELOPMENT_TEAM = N5H2UH7C34;
				GENERATE_INFOPLIST_FILE = YES;
				INFOPLIST_FILE = MmcaVer2.0/Info.plist;
				INFOPLIST_KEY_UIApplicationSupportsIndirectInputEvents = YES;
				INFOPLIST_KEY_UILaunchStoryboardName = LaunchScreen;
				INFOPLIST_KEY_UIMainStoryboardFile = Main;
				INFOPLIST_KEY_UISupportedInterfaceOrientations_iPad = "UIInterfaceOrientationPortrait UIInterfaceOrientationPortraitUpsideDown UIInterfaceOrientationLandscapeLeft UIInterfaceOrientationLandscapeRight";
				INFOPLIST_KEY_UISupportedInterfaceOrientations_iPhone = "UIInterfaceOrientationPortrait UIInterfaceOrientationLandscapeLeft UIInterfaceOrientationLandscapeRight";
				IPHONEOS_DEPLOYMENT_TARGET = 17.1;
				LD_RUNPATH_SEARCH_PATHS = (
					"$(inherited)",
					"@executable_path/Frameworks",
				);
				MARKETING_VERSION = 2.0;
				PRODUCT_BUNDLE_IDENTIFIER = "Limjongyoon.MmcaVer2-0";
				PRODUCT_NAME = "$(TARGET_NAME)";
				SWIFT_EMIT_LOC_STRINGS = YES;
				SWIFT_OBJC_BRIDGING_HEADER = /Users/lim/Desktop/Swift/MmcaVer2/MmcaVer2.0/fmdb/BridgingHeader.h;
				SWIFT_VERSION = 5.0;
				TARGETED_DEVICE_FAMILY = "1,2";
			};
			name = Release;
		};
/* End XCBuildConfiguration section */

/* Begin XCConfigurationList section */
		3A64C2BF2BC3D9F000CD31B4 /* Build configuration list for PBXProject "MmcaVer2.0" */ = {
			isa = XCConfigurationList;
			buildConfigurations = (
				3A64C2D62BC3D9F000CD31B4 /* Debug */,
				3A64C2D72BC3D9F000CD31B4 /* Release */,
			);
			defaultConfigurationIsVisible = 0;
			defaultConfigurationName = Release;
		};
		3A64C2D82BC3D9F000CD31B4 /* Build configuration list for PBXNativeTarget "MmcaVer2.0" */ = {
			isa = XCConfigurationList;
			buildConfigurations = (
				3A64C2D92BC3D9F000CD31B4 /* Debug */,
				3A64C2DA2BC3D9F000CD31B4 /* Release */,
			);
			defaultConfigurationIsVisible = 0;
			defaultConfigurationName = Release;
		};
/* End XCConfigurationList section */
	};
	rootObject = 3A64C2BC2BC3D9F000CD31B4 /* Project object */;
}
