// !$*UTF8*$!
{
	archiveVersion = 1;
	classes = {
	};
	objectVersion = 56;
	objects = {

/* Begin PBXBuildFile section */
		3A448E002BC3E2DC001E7731 /* InfoViewController.swift in Sources */ = {isa = PBXBuildFile; fileRef = 3A448DFF2BC3E2DC001E7731 /* InfoViewController.swift */; };
		3A448E022BC3E40A001E7731 /* SearchViewController.swift in Sources */ = {isa = PBXBuildFile; fileRef = 3A448E012BC3E40A001E7731 /* SearchViewController.swift */; };
		3A448E042BC3E484001E7731 /* MenuViewController.swift in Sources */ = {isa = PBXBuildFile; fileRef = 3A448E032BC3E484001E7731 /* MenuViewController.swift */; };
		3A64C2C82BC3D9F000CD31B4 /* AppDelegate.swift in Sources */ = {isa = PBXBuildFile; fileRef = 3A64C2C72BC3D9F000CD31B4 /* AppDelegate.swift */; };
		3A64C2CA2BC3D9F000CD31B4 /* SceneDelegate.swift in Sources */ = {isa = PBXBuildFile; fileRef = 3A64C2C92BC3D9F000CD31B4 /* SceneDelegate.swift */; };
		3A64C2CF2BC3D9F000CD31B4 /* Base in Resources */ = {isa = PBXBuildFile; fileRef = 3A64C2CE2BC3D9F000CD31B4 /* Base */; };
		3A64C2D12BC3D9F000CD31B4 /* Assets.xcassets in Resources */ = {isa = PBXBuildFile; fileRef = 3A64C2D02BC3D9F000CD31B4 /* Assets.xcassets */; };
		3A64C2D42BC3D9F000CD31B4 /* Base in Resources */ = {isa = PBXBuildFile; fileRef = 3A64C2D32BC3D9F000CD31B4 /* Base */; };
		3A702FF92BCCE674000D382D /* LanguageViewController.swift in Sources */ = {isa = PBXBuildFile; fileRef = 3A702FF82BCCE674000D382D /* LanguageViewController.swift */; };
		3A702FFB2BCCE69F000D382D /* PlaceSelectViewController.swift in Sources */ = {isa = PBXBuildFile; fileRef = 3A702FFA2BCCE69F000D382D /* PlaceSelectViewController.swift */; };
		3AA8DCC52BC3E82E00A1B8CB /* HomeViewController.swift in Sources */ = {isa = PBXBuildFile; fileRef = 3AA8DCC42BC3E82E00A1B8CB /* HomeViewController.swift */; };
		3AAF8AE12BE794B8002836B4 /* MMCA001.png in Resources */ = {isa = PBXBuildFile; fileRef = 3AAF8ADB2BE794B8002836B4 /* MMCA001.png */; };
		3AAF8AE22BE794B8002836B4 /* MMCA002.png in Resources */ = {isa = PBXBuildFile; fileRef = 3AAF8ADC2BE794B8002836B4 /* MMCA002.png */; };
		3AAF8AE32BE794B8002836B4 /* MMCA003.png in Resources */ = {isa = PBXBuildFile; fileRef = 3AAF8ADD2BE794B8002836B4 /* MMCA003.png */; };
		3AAF8AE42BE794B8002836B4 /* BeaconInfo.db in Resources */ = {isa = PBXBuildFile; fileRef = 3AAF8ADF2BE794B8002836B4 /* BeaconInfo.db */; };
		3AE633892BD101BE00E2C6D0 /* ObjectDetector.mlmodel in Sources */ = {isa = PBXBuildFile; fileRef = 3AE633852BD101BE00E2C6D0 /* ObjectDetector.mlmodel */; };
		3AE6338A2BD101BE00E2C6D0 /* CameraViewController.swift in Sources */ = {isa = PBXBuildFile; fileRef = 3AE633862BD101BE00E2C6D0 /* CameraViewController.swift */; };
		3AE6338B2BD101BE00E2C6D0 /* VisionObjectRecognitionViewController.swift in Sources */ = {isa = PBXBuildFile; fileRef = 3AE633872BD101BE00E2C6D0 /* VisionObjectRecognitionViewController.swift */; };
		3AE6338D2BD1089700E2C6D0 /* Cam.storyboard in Resources */ = {isa = PBXBuildFile; fileRef = 3AE6338C2BD1089700E2C6D0 /* Cam.storyboard */; };
/* End PBXBuildFile section */

/* Begin PBXFileReference section */
		3A448DFF2BC3E2DC001E7731 /* InfoViewController.swift */ = {isa = PBXFileReference; lastKnownFileType = sourcecode.swift; path = InfoViewController.swift; sourceTree = "<group>"; };
		3A448E012BC3E40A001E7731 /* SearchViewController.swift */ = {isa = PBXFileReference; lastKnownFileType = sourcecode.swift; path = SearchViewController.swift; sourceTree = "<group>"; };
		3A448E032BC3E484001E7731 /* MenuViewController.swift */ = {isa = PBXFileReference; lastKnownFileType = sourcecode.swift; path = MenuViewController.swift; sourceTree = "<group>"; };
		3A64C2C42BC3D9F000CD31B4 /* MmcaVer2.0.app */ = {isa = PBXFileReference; explicitFileType = wrapper.application; includeInIndex = 0; path = MmcaVer2.0.app; sourceTree = BUILT_PRODUCTS_DIR; };
		3A64C2C72BC3D9F000CD31B4 /* AppDelegate.swift */ = {isa = PBXFileReference; lastKnownFileType = sourcecode.swift; path = AppDelegate.swift; sourceTree = "<group>"; };
		3A64C2C92BC3D9F000CD31B4 /* SceneDelegate.swift */ = {isa = PBXFileReference; lastKnownFileType = sourcecode.swift; path = SceneDelegate.swift; sourceTree = "<group>"; };
		3A64C2CE2BC3D9F000CD31B4 /* Base */ = {isa = PBXFileReference; lastKnownFileType = file.storyboard; name = Base; path = Base.lproj/Main.storyboard; sourceTree = "<group>"; };
		3A64C2D02BC3D9F000CD31B4 /* Assets.xcassets */ = {isa = PBXFileReference; lastKnownFileType = folder.assetcatalog; path = Assets.xcassets; sourceTree = "<group>"; };
		3A64C2D32BC3D9F000CD31B4 /* Base */ = {isa = PBXFileReference; lastKnownFileType = file.storyboard; name = Base; path = Base.lproj/LaunchScreen.storyboard; sourceTree = "<group>"; };
		3A64C2D52BC3D9F000CD31B4 /* Info.plist */ = {isa = PBXFileReference; lastKnownFileType = text.plist.xml; path = Info.plist; sourceTree = "<group>"; };
		3A702FF82BCCE674000D382D /* LanguageViewController.swift */ = {isa = PBXFileReference; lastKnownFileType = sourcecode.swift; path = LanguageViewController.swift; sourceTree = "<group>"; };
		3A702FFA2BCCE69F000D382D /* PlaceSelectViewController.swift */ = {isa = PBXFileReference; lastKnownFileType = sourcecode.swift; path = PlaceSelectViewController.swift; sourceTree = "<group>"; };
		3AA8DCC42BC3E82E00A1B8CB /* HomeViewController.swift */ = {isa = PBXFileReference; lastKnownFileType = sourcecode.swift; path = HomeViewController.swift; sourceTree = "<group>"; };
		3AAF8ADB2BE794B8002836B4 /* MMCA001.png */ = {isa = PBXFileReference; lastKnownFileType = image.png; path = MMCA001.png; sourceTree = "<group>"; };
		3AAF8ADC2BE794B8002836B4 /* MMCA002.png */ = {isa = PBXFileReference; lastKnownFileType = image.png; path = MMCA002.png; sourceTree = "<group>"; };
		3AAF8ADD2BE794B8002836B4 /* MMCA003.png */ = {isa = PBXFileReference; lastKnownFileType = image.png; path = MMCA003.png; sourceTree = "<group>"; };
		3AAF8ADF2BE794B8002836B4 /* BeaconInfo.db */ = {isa = PBXFileReference; lastKnownFileType = file; path = BeaconInfo.db; sourceTree = "<group>"; };
		3AE633852BD101BE00E2C6D0 /* ObjectDetector.mlmodel */ = {isa = PBXFileReference; lastKnownFileType = file.mlmodel; path = ObjectDetector.mlmodel; sourceTree = "<group>"; };
		3AE633862BD101BE00E2C6D0 /* CameraViewController.swift */ = {isa = PBXFileReference; fileEncoding = 4; lastKnownFileType = sourcecode.swift; path = CameraViewController.swift; sourceTree = "<group>"; };
		3AE633872BD101BE00E2C6D0 /* VisionObjectRecognitionViewController.swift */ = {isa = PBXFileReference; fileEncoding = 4; lastKnownFileType = sourcecode.swift; path = VisionObjectRecognitionViewController.swift; sourceTree = "<group>"; };
		3AE6338C2BD1089700E2C6D0 /* Cam.storyboard */ = {isa = PBXFileReference; lastKnownFileType = file.storyboard; path = Cam.storyboard; sourceTree = "<group>"; };
/* End PBXFileReference section */

/* Begin PBXFrameworksBuildPhase section */
		3A64C2C12BC3D9F000CD31B4 /* Frameworks */ = {
			isa = PBXFrameworksBuildPhase;
			buildActionMask = 2147483647;
			files = (
			);
			runOnlyForDeploymentPostprocessing = 0;
		};
/* End PBXFrameworksBuildPhase section */

/* Begin PBXGroup section */
		3A64C2BB2BC3D9F000CD31B4 = {
			isa = PBXGroup;
			children = (
				3A64C2C62BC3D9F000CD31B4 /* MmcaVer2.0 */,
				3A64C2C52BC3D9F000CD31B4 /* Products */,
			);
			sourceTree = "<group>";
		};
		3A64C2C52BC3D9F000CD31B4 /* Products */ = {
			isa = PBXGroup;
			children = (
				3A64C2C42BC3D9F000CD31B4 /* MmcaVer2.0.app */,
			);
			name = Products;
			sourceTree = "<group>";
		};
		3A64C2C62BC3D9F000CD31B4 /* MmcaVer2.0 */ = {
			isa = PBXGroup;
			children = (
				3AE633882BD101BE00E2C6D0 /* camera */,
				3A702FF52BCCE5B3000D382D /* InitialViewController */,
				3AA8DCC62BC3E83800A1B8CB /* TableViewController */,
				3A64C2C72BC3D9F000CD31B4 /* AppDelegate.swift */,
				3A64C2C92BC3D9F000CD31B4 /* SceneDelegate.swift */,
				3A64C2CD2BC3D9F000CD31B4 /* Main.storyboard */,
				3AE6338C2BD1089700E2C6D0 /* Cam.storyboard */,
				3A64C2D02BC3D9F000CD31B4 /* Assets.xcassets */,
				3A64C2D22BC3D9F000CD31B4 /* LaunchScreen.storyboard */,
				3A64C2D52BC3D9F000CD31B4 /* Info.plist */,
				3AAF8AE02BE794B8002836B4 /* BeaconDataBase */,
			);
			path = MmcaVer2.0;
			sourceTree = "<group>";
		};
		3A702FF52BCCE5B3000D382D /* InitialViewController */ = {
			isa = PBXGroup;
			children = (
				3A702FF82BCCE674000D382D /* LanguageViewController.swift */,
				3A702FFA2BCCE69F000D382D /* PlaceSelectViewController.swift */,
			);
			path = InitialViewController;
			sourceTree = "<group>";
		};
		3AA8DCC62BC3E83800A1B8CB /* TableViewController */ = {
			isa = PBXGroup;
			children = (
				3AA8DCC42BC3E82E00A1B8CB /* HomeViewController.swift */,
				3A448DFF2BC3E2DC001E7731 /* InfoViewController.swift */,
				3A448E012BC3E40A001E7731 /* SearchViewController.swift */,
				3A448E032BC3E484001E7731 /* MenuViewController.swift */,
			);
			path = TableViewController;
			sourceTree = "<group>";
		};
		3AAF8ADE2BE794B8002836B4 /* image */ = {
			isa = PBXGroup;
			children = (
				3AAF8ADB2BE794B8002836B4 /* MMCA001.png */,
				3AAF8ADC2BE794B8002836B4 /* MMCA002.png */,
				3AAF8ADD2BE794B8002836B4 /* MMCA003.png */,
			);
			path = image;
			sourceTree = "<group>";
		};
		3AAF8AE02BE794B8002836B4 /* BeaconDataBase */ = {
			isa = PBXGroup;
			children = (
				3AAF8ADE2BE794B8002836B4 /* image */,
				3AAF8ADF2BE794B8002836B4 /* BeaconInfo.db */,
			);
			path = BeaconDataBase;
			sourceTree = "<group>";
		};
		3AE633882BD101BE00E2C6D0 /* camera */ = {
			isa = PBXGroup;
			children = (
				3AE633852BD101BE00E2C6D0 /* ObjectDetector.mlmodel */,
				3AE633862BD101BE00E2C6D0 /* CameraViewController.swift */,
				3AE633872BD101BE00E2C6D0 /* VisionObjectRecognitionViewController.swift */,
			);
			path = camera;
			sourceTree = "<group>";
		};
/* End PBXGroup section */

/* Begin PBXNativeTarget section */
		3A64C2C32BC3D9F000CD31B4 /* MmcaVer2.0 */ = {
			isa = PBXNativeTarget;
			buildConfigurationList = 3A64C2D82BC3D9F000CD31B4 /* Build configuration list for PBXNativeTarget "MmcaVer2.0" */;
			buildPhases = (
				3A64C2C02BC3D9F000CD31B4 /* Sources */,
				3A64C2C12BC3D9F000CD31B4 /* Frameworks */,
				3A64C2C22BC3D9F000CD31B4 /* Resources */,
			);
			buildRules = (
			);
			dependencies = (
			);
			name = MmcaVer2.0;
			productName = MmcaVer2.0;
			productReference = 3A64C2C42BC3D9F000CD31B4 /* MmcaVer2.0.app */;
			productType = "com.apple.product-type.application";
		};
/* End PBXNativeTarget section */

/* Begin PBXProject section */
		3A64C2BC2BC3D9F000CD31B4 /* Project object */ = {
			isa = PBXProject;
			attributes = {
				BuildIndependentTargetsInParallel = 1;
				LastSwiftUpdateCheck = 1530;
				LastUpgradeCheck = 1530;
				TargetAttributes = {
					3A64C2C32BC3D9F000CD31B4 = {
						CreatedOnToolsVersion = 15.3;
					};
				};
			};
			buildConfigurationList = 3A64C2BF2BC3D9F000CD31B4 /* Build configuration list for PBXProject "MmcaVer2.0" */;
			compatibilityVersion = "Xcode 14.0";
			developmentRegion = en;
			hasScannedForEncodings = 0;
			knownRegions = (
				en,
				Base,
			);
			mainGroup = 3A64C2BB2BC3D9F000CD31B4;
			productRefGroup = 3A64C2C52BC3D9F000CD31B4 /* Products */;
			projectDirPath = "";
			projectRoot = "";
			targets = (
				3A64C2C32BC3D9F000CD31B4 /* MmcaVer2.0 */,
			);
		};
/* End PBXProject section */

/* Begin PBXResourcesBuildPhase section */
		3A64C2C22BC3D9F000CD31B4 /* Resources */ = {
			isa = PBXResourcesBuildPhase;
			buildActionMask = 2147483647;
			files = (
				3AAF8AE22BE794B8002836B4 /* MMCA002.png in Resources */,
				3AAF8AE12BE794B8002836B4 /* MMCA001.png in Resources */,
				3A64C2D12BC3D9F000CD31B4 /* Assets.xcassets in Resources */,
				3A64C2D42BC3D9F000CD31B4 /* Base in Resources */,
				3AE6338D2BD1089700E2C6D0 /* Cam.storyboard in Resources */,
				3AAF8AE42BE794B8002836B4 /* BeaconInfo.db in Resources */,
				3A64C2CF2BC3D9F000CD31B4 /* Base in Resources */,
				3AAF8AE32BE794B8002836B4 /* MMCA003.png in Resources */,
			);
			runOnlyForDeploymentPostprocessing = 0;
		};
/* End PBXResourcesBuildPhase section */

/* Begin PBXSourcesBuildPhase section */
		3A64C2C02BC3D9F000CD31B4 /* Sources */ = {
			isa = PBXSourcesBuildPhase;
			buildActionMask = 2147483647;
			files = (
				3AE6338B2BD101BE00E2C6D0 /* VisionObjectRecognitionViewController.swift in Sources */,
				3AE6338A2BD101BE00E2C6D0 /* CameraViewController.swift in Sources */,
				3AE633892BD101BE00E2C6D0 /* ObjectDetector.mlmodel in Sources */,
				3A64C2C82BC3D9F000CD31B4 /* AppDelegate.swift in Sources */,
				3A448E042BC3E484001E7731 /* MenuViewController.swift in Sources */,
				3A448E002BC3E2DC001E7731 /* InfoViewController.swift in Sources */,
				3A448E022BC3E40A001E7731 /* SearchViewController.swift in Sources */,
				3A64C2CA2BC3D9F000CD31B4 /* SceneDelegate.swift in Sources */,
				3A702FF92BCCE674000D382D /* LanguageViewController.swift in Sources */,
				3A702FFB2BCCE69F000D382D /* PlaceSelectViewController.swift in Sources */,
				3AA8DCC52BC3E82E00A1B8CB /* HomeViewController.swift in Sources */,
			);
			runOnlyForDeploymentPostprocessing = 0;
		};
/* End PBXSourcesBuildPhase section */

/* Begin PBXVariantGroup section */
		3A64C2CD2BC3D9F000CD31B4 /* Main.storyboard */ = {
			isa = PBXVariantGroup;
			children = (
				3A64C2CE2BC3D9F000CD31B4 /* Base */,
			);
			name = Main.storyboard;
			sourceTree = "<group>";
		};
		3A64C2D22BC3D9F000CD31B4 /* LaunchScreen.storyboard */ = {
			isa = PBXVariantGroup;
			children = (
				3A64C2D32BC3D9F000CD31B4 /* Base */,
			);
			name = LaunchScreen.storyboard;
			sourceTree = "<group>";
		};
/* End PBXVariantGroup section */

/* Begin XCBuildConfiguration section */
		3A64C2D62BC3D9F000CD31B4 /* Debug */ = {
			isa = XCBuildConfiguration;
			buildSettings = {
				ALWAYS_SEARCH_USER_PATHS = NO;
				ASSETCATALOG_COMPILER_GENERATE_SWIFT_ASSET_SYMBOL_EXTENSIONS = YES;
				CLANG_ANALYZER_NONNULL = YES;
				CLANG_ANALYZER_NUMBER_OBJECT_CONVERSION = YES_AGGRESSIVE;
				CLANG_CXX_LANGUAGE_STANDARD = "gnu++20";
				CLANG_ENABLE_MODULES = YES;
				CLANG_ENABLE_OBJC_ARC = YES;
				CLANG_ENABLE_OBJC_WEAK = YES;
				CLANG_WARN_BLOCK_CAPTURE_AUTORELEASING = YES;
				CLANG_WARN_BOOL_CONVERSION = YES;
				CLANG_WARN_COMMA = YES;
				CLANG_WARN_CONSTANT_CONVERSION = YES;
				CLANG_WARN_DEPRECATED_OBJC_IMPLEMENTATIONS = YES;
				CLANG_WARN_DIRECT_OBJC_ISA_USAGE = YES_ERROR;
				CLANG_WARN_DOCUMENTATION_COMMENTS = YES;
				CLANG_WARN_EMPTY_BODY = YES;
				CLANG_WARN_ENUM_CONVERSION = YES;
				CLANG_WARN_INFINITE_RECURSION = YES;
				CLANG_WARN_INT_CONVERSION = YES;
				CLANG_WARN_NON_LITERAL_NULL_CONVERSION = YES;
				CLANG_WARN_OBJC_IMPLICIT_RETAIN_SELF = YES;
				CLANG_WARN_OBJC_LITERAL_CONVERSION = YES;
				CLANG_WARN_OBJC_ROOT_CLASS = YES_ERROR;
				CLANG_WARN_QUOTED_INCLUDE_IN_FRAMEWORK_HEADER = YES;
				CLANG_WARN_RANGE_LOOP_ANALYSIS = YES;
				CLANG_WARN_STRICT_PROTOTYPES = YES;
				CLANG_WARN_SUSPICIOUS_MOVE = YES;
				CLANG_WARN_UNGUARDED_AVAILABILITY = YES_AGGRESSIVE;
				CLANG_WARN_UNREACHABLE_CODE = YES;
				CLANG_WARN__DUPLICATE_METHOD_MATCH = YES;
				COPY_PHASE_STRIP = NO;
				DEBUG_INFORMATION_FORMAT = dwarf;
				ENABLE_STRICT_OBJC_MSGSEND = YES;
				ENABLE_TESTABILITY = YES;
				ENABLE_USER_SCRIPT_SANDBOXING = YES;
				GCC_C_LANGUAGE_STANDARD = gnu17;
				GCC_DYNAMIC_NO_PIC = NO;
				GCC_NO_COMMON_BLOCKS = YES;
				GCC_OPTIMIZATION_LEVEL = 0;
				GCC_PREPROCESSOR_DEFINITIONS = (
					"DEBUG=1",
					"$(inherited)",
				);
				GCC_WARN_64_TO_32_BIT_CONVERSION = YES;
				GCC_WARN_ABOUT_RETURN_TYPE = YES_ERROR;
				GCC_WARN_UNDECLARED_SELECTOR = YES;
				GCC_WARN_UNINITIALIZED_AUTOS = YES_AGGRESSIVE;
				GCC_WARN_UNUSED_FUNCTION = YES;
				GCC_WARN_UNUSED_VARIABLE = YES;
				IPHONEOS_DEPLOYMENT_TARGET = 17.4;
				LOCALIZATION_PREFERS_STRING_CATALOGS = YES;
				MTL_ENABLE_DEBUG_INFO = INCLUDE_SOURCE;
				MTL_FAST_MATH = YES;
				ONLY_ACTIVE_ARCH = YES;
				SDKROOT = iphoneos;
				SWIFT_ACTIVE_COMPILATION_CONDITIONS = "DEBUG $(inherited)";
				SWIFT_OPTIMIZATION_LEVEL = "-Onone";
			};
			name = Debug;
		};
		3A64C2D72BC3D9F000CD31B4 /* Release */ = {
			isa = XCBuildConfiguration;
			buildSettings = {
				ALWAYS_SEARCH_USER_PATHS = NO;
				ASSETCATALOG_COMPILER_GENERATE_SWIFT_ASSET_SYMBOL_EXTENSIONS = YES;
				CLANG_ANALYZER_NONNULL = YES;
				CLANG_ANALYZER_NUMBER_OBJECT_CONVERSION = YES_AGGRESSIVE;
				CLANG_CXX_LANGUAGE_STANDARD = "gnu++20";
				CLANG_ENABLE_MODULES = YES;
				CLANG_ENABLE_OBJC_ARC = YES;
				CLANG_ENABLE_OBJC_WEAK = YES;
				CLANG_WARN_BLOCK_CAPTURE_AUTORELEASING = YES;
				CLANG_WARN_BOOL_CONVERSION = YES;
				CLANG_WARN_COMMA = YES;
				CLANG_WARN_CONSTANT_CONVERSION = YES;
				CLANG_WARN_DEPRECATED_OBJC_IMPLEMENTATIONS = YES;
				CLANG_WARN_DIRECT_OBJC_ISA_USAGE = YES_ERROR;
				CLANG_WARN_DOCUMENTATION_COMMENTS = YES;
				CLANG_WARN_EMPTY_BODY = YES;
				CLANG_WARN_ENUM_CONVERSION = YES;
				CLANG_WARN_INFINITE_RECURSION = YES;
				CLANG_WARN_INT_CONVERSION = YES;
				CLANG_WARN_NON_LITERAL_NULL_CONVERSION = YES;
				CLANG_WARN_OBJC_IMPLICIT_RETAIN_SELF = YES;
				CLANG_WARN_OBJC_LITERAL_CONVERSION = YES;
				CLANG_WARN_OBJC_ROOT_CLASS = YES_ERROR;
				CLANG_WARN_QUOTED_INCLUDE_IN_FRAMEWORK_HEADER = YES;
				CLANG_WARN_RANGE_LOOP_ANALYSIS = YES;
				CLANG_WARN_STRICT_PROTOTYPES = YES;
				CLANG_WARN_SUSPICIOUS_MOVE = YES;
				CLANG_WARN_UNGUARDED_AVAILABILITY = YES_AGGRESSIVE;
				CLANG_WARN_UNREACHABLE_CODE = YES;
				CLANG_WARN__DUPLICATE_METHOD_MATCH = YES;
				COPY_PHASE_STRIP = NO;
				DEBUG_INFORMATION_FORMAT = "dwarf-with-dsym";
				ENABLE_NS_ASSERTIONS = NO;
				ENABLE_STRICT_OBJC_MSGSEND = YES;
				ENABLE_USER_SCRIPT_SANDBOXING = YES;
				GCC_C_LANGUAGE_STANDARD = gnu17;
				GCC_NO_COMMON_BLOCKS = YES;
				GCC_WARN_64_TO_32_BIT_CONVERSION = YES;
				GCC_WARN_ABOUT_RETURN_TYPE = YES_ERROR;
				GCC_WARN_UNDECLARED_SELECTOR = YES;
				GCC_WARN_UNINITIALIZED_AUTOS = YES_AGGRESSIVE;
				GCC_WARN_UNUSED_FUNCTION = YES;
				GCC_WARN_UNUSED_VARIABLE = YES;
				IPHONEOS_DEPLOYMENT_TARGET = 17.4;
				LOCALIZATION_PREFERS_STRING_CATALOGS = YES;
				MTL_ENABLE_DEBUG_INFO = NO;
				MTL_FAST_MATH = YES;
				SDKROOT = iphoneos;
				SWIFT_COMPILATION_MODE = wholemodule;
				VALIDATE_PRODUCT = YES;
			};
			name = Release;
		};
		3A64C2D92BC3D9F000CD31B4 /* Debug */ = {
			isa = XCBuildConfiguration;
			buildSettings = {
				ASSETCATALOG_COMPILER_APPICON_NAME = AppIcon;
				ASSETCATALOG_COMPILER_GLOBAL_ACCENT_COLOR_NAME = AccentColor;
				CODE_SIGN_STYLE = Automatic;
				CURRENT_PROJECT_VERSION = 1;
				DEVELOPMENT_TEAM = N5H2UH7C34;
				GENERATE_INFOPLIST_FILE = YES;
				INFOPLIST_FILE = MmcaVer2.0/Info.plist;
				INFOPLIST_KEY_UIApplicationSupportsIndirectInputEvents = YES;
				INFOPLIST_KEY_UILaunchStoryboardName = LaunchScreen;
				INFOPLIST_KEY_UIMainStoryboardFile = Main;
				INFOPLIST_KEY_UISupportedInterfaceOrientations_iPad = "UIInterfaceOrientationPortrait UIInterfaceOrientationPortraitUpsideDown UIInterfaceOrientationLandscapeLeft UIInterfaceOrientationLandscapeRight";
				INFOPLIST_KEY_UISupportedInterfaceOrientations_iPhone = "UIInterfaceOrientationPortrait UIInterfaceOrientationLandscapeLeft UIInterfaceOrientationLandscapeRight";
				IPHONEOS_DEPLOYMENT_TARGET = 16.1;
				LD_RUNPATH_SEARCH_PATHS = (
					"$(inherited)",
					"@executable_path/Frameworks",
				);
				MARKETING_VERSION = 2.0;
				PRODUCT_BUNDLE_IDENTIFIER = "Limjongyoon.MmcaVer2-0";
				PRODUCT_NAME = "$(TARGET_NAME)";
				SWIFT_EMIT_LOC_STRINGS = YES;
				SWIFT_VERSION = 5.0;
				TARGETED_DEVICE_FAMILY = "1,2";
			};
			name = Debug;
		};
		3A64C2DA2BC3D9F000CD31B4 /* Release */ = {
			isa = XCBuildConfiguration;
			buildSettings = {
				ASSETCATALOG_COMPILER_APPICON_NAME = AppIcon;
				ASSETCATALOG_COMPILER_GLOBAL_ACCENT_COLOR_NAME = AccentColor;
				CODE_SIGN_STYLE = Automatic;
				CURRENT_PROJECT_VERSION = 1;
				DEVELOPMENT_TEAM = N5H2UH7C34;
				GENERATE_INFOPLIST_FILE = YES;
				INFOPLIST_FILE = MmcaVer2.0/Info.plist;
				INFOPLIST_KEY_UIApplicationSupportsIndirectInputEvents = YES;
				INFOPLIST_KEY_UILaunchStoryboardName = LaunchScreen;
				INFOPLIST_KEY_UIMainStoryboardFile = Main;
				INFOPLIST_KEY_UISupportedInterfaceOrientations_iPad = "UIInterfaceOrientationPortrait UIInterfaceOrientationPortraitUpsideDown UIInterfaceOrientationLandscapeLeft UIInterfaceOrientationLandscapeRight";
				INFOPLIST_KEY_UISupportedInterfaceOrientations_iPhone = "UIInterfaceOrientationPortrait UIInterfaceOrientationLandscapeLeft UIInterfaceOrientationLandscapeRight";
				IPHONEOS_DEPLOYMENT_TARGET = 16.1;
				LD_RUNPATH_SEARCH_PATHS = (
					"$(inherited)",
					"@executable_path/Frameworks",
				);
				MARKETING_VERSION = 2.0;
				PRODUCT_BUNDLE_IDENTIFIER = "Limjongyoon.MmcaVer2-0";
				PRODUCT_NAME = "$(TARGET_NAME)";
				SWIFT_EMIT_LOC_STRINGS = YES;
				SWIFT_VERSION = 5.0;
				TARGETED_DEVICE_FAMILY = "1,2";
			};
			name = Release;
		};
/* End XCBuildConfiguration section */

/* Begin XCConfigurationList section */
		3A64C2BF2BC3D9F000CD31B4 /* Build configuration list for PBXProject "MmcaVer2.0" */ = {
			isa = XCConfigurationList;
			buildConfigurations = (
				3A64C2D62BC3D9F000CD31B4 /* Debug */,
				3A64C2D72BC3D9F000CD31B4 /* Release */,
			);
			defaultConfigurationIsVisible = 0;
			defaultConfigurationName = Release;
		};
		3A64C2D82BC3D9F000CD31B4 /* Build configuration list for PBXNativeTarget "MmcaVer2.0" */ = {
			isa = XCConfigurationList;
			buildConfigurations = (
				3A64C2D92BC3D9F000CD31B4 /* Debug */,
				3A64C2DA2BC3D9F000CD31B4 /* Release */,
			);
			defaultConfigurationIsVisible = 0;
			defaultConfigurationName = Release;
		};
/* End XCConfigurationList section */
	};
	rootObject = 3A64C2BC2BC3D9F000CD31B4 /* Project object */;
}
